
Microsoft Visual Studio Solution File, Format Version 12.00
# Visual Studio 15
VisualStudioVersion = 15.0.28010.2041
MinimumVisualStudioVersion = 10.0.40219.1
Project("{FAE04EC0-301F-11D3-BF4B-00C04F79EFBC}") = "TypesAndConversion1", "TypesAndConversion1\TypesAndConversion1.csproj", "{10D42C65-17BC-4CEE-89BF-E9ABFFC2B88B}"
EndProject
Global
	GlobalSection(SolutionConfigurationPlatforms) = preSolution
		Debug|Any CPU = Debug|Any CPU
		Release|Any CPU = Release|Any CPU
	EndGlobalSection
	GlobalSection(ProjectConfigurationPlatforms) = postSolution
		{10D42C65-17BC-4CEE-89BF-E9ABFFC2B88B}.Debug|Any CPU.ActiveCfg = Debug|Any CPU
		{10D42C65-17BC-4CEE-89BF-E9ABFFC2B88B}.Debug|Any CPU.Build.0 = Debug|Any CPU
		{10D42C65-17BC-4CEE-89BF-E9ABFFC2B88B}.Release|Any CPU.ActiveCfg = Release|Any CPU
		{10D42C65-17BC-4CEE-89BF-E9ABFFC2B88B}.Release|Any CPU.Build.0 = Release|Any CPU
	EndGlobalSection
	GlobalSection(SolutionProperties) = preSolution
		HideSolutionNode = FALSE
	EndGlobalSection
	GlobalSection(ExtensibilityGlobals) = postSolution
		SolutionGuid = {58194FBA-FD0B-4462-9B15-0AE33FFC20DD}
	EndGlobalSection
EndGlobal
