
Microsoft Visual Studio Solution File, Format Version 12.00
# Visual Studio 15
VisualStudioVersion = 15.0.28010.2041
MinimumVisualStudioVersion = 10.0.40219.1
Project("{FAE04EC0-301F-11D3-BF4B-00C04F79EFBC}") = "ConsoleApp3", "ConsoleApp3\ConsoleApp3.csproj", "{F3EE1532-D45E-4586-A373-F4966F087785}"
EndProject
Global
	GlobalSection(SolutionConfigurationPlatforms) = preSolution
		Debug|Any CPU = Debug|Any CPU
		Release|Any CPU = Release|Any CPU
	EndGlobalSection
	GlobalSection(ProjectConfigurationPlatforms) = postSolution
		{F3EE1532-D45E-4586-A373-F4966F087785}.Debug|Any CPU.ActiveCfg = Debug|Any CPU
		{F3EE1532-D45E-4586-A373-F4966F087785}.Debug|Any CPU.Build.0 = Debug|Any CPU
		{F3EE1532-D45E-4586-A373-F4966F087785}.Release|Any CPU.ActiveCfg = Release|Any CPU
		{F3EE1532-D45E-4586-A373-F4966F087785}.Release|Any CPU.Build.0 = Release|Any CPU
	EndGlobalSection
	GlobalSection(SolutionProperties) = preSolution
		HideSolutionNode = FALSE
	EndGlobalSection
	GlobalSection(ExtensibilityGlobals) = postSolution
		SolutionGuid = {3A1A7B77-CA53-4A0C-8073-BB9D8A63CD2B}
	EndGlobalSection
EndGlobal
